// !$*UTF8*$!
{
	archiveVersion = 1;
	classes = {
	};
	objectVersion = 48;
	objects = {

/* Begin PBXBuildFile section */
		C5B7CF8E1F70EDA800AC4907 /* AppDelegate.swift in Sources */ = {isa = PBXBuildFile; fileRef = C5B7CF8D1F70EDA800AC4907 /* AppDelegate.swift */; };
		C5B7CF901F70EDA900AC4907 /* ViewController.swift in Sources */ = {isa = PBXBuildFile; fileRef = C5B7CF8F1F70EDA900AC4907 /* ViewController.swift */; };
		C5B7CF931F70EDA900AC4907 /* Main.storyboard in Resources */ = {isa = PBXBuildFile; fileRef = C5B7CF911F70EDA900AC4907 /* Main.storyboard */; };
		C5B7CF951F70EDA900AC4907 /* Assets.xcassets in Resources */ = {isa = PBXBuildFile; fileRef = C5B7CF941F70EDA900AC4907 /* Assets.xcassets */; };
		C5B7CF981F70EDA900AC4907 /* LaunchScreen.storyboard in Resources */ = {isa = PBXBuildFile; fileRef = C5B7CF961F70EDA900AC4907 /* LaunchScreen.storyboard */; };
		C5B7CFA01F70EDE100AC4907 /* GCDQueue.swift in Sources */ = {isa = PBXBuildFile; fileRef = C5B7CF9F1F70EDE100AC4907 /* GCDQueue.swift */; };
		C5D003651F71031B00561550 /* GCDGroup.swift in Sources */ = {isa = PBXBuildFile; fileRef = C5D003641F71031B00561550 /* GCDGroup.swift */; };
		C5D003671F710C0400561550 /* GCDSemaphore.swift in Sources */ = {isa = PBXBuildFile; fileRef = C5D003661F710C0400561550 /* GCDSemaphore.swift */; };
/* End PBXBuildFile section */

/* Begin PBXFileReference section */
		C5B7CF8A1F70EDA800AC4907 /* Swift-GCD.app */ = {isa = PBXFileReference; explicitFileType = wrapper.application; includeInIndex = 0; path = "Swift-GCD.app"; sourceTree = BUILT_PRODUCTS_DIR; };
		C5B7CF8D1F70EDA800AC4907 /* AppDelegate.swift */ = {isa = PBXFileReference; lastKnownFileType = sourcecode.swift; path = AppDelegate.swift; sourceTree = "<group>"; };
		C5B7CF8F1F70EDA900AC4907 /* ViewController.swift */ = {isa = PBXFileReference; lastKnownFileType = sourcecode.swift; path = ViewController.swift; sourceTree = "<group>"; };
		C5B7CF921F70EDA900AC4907 /* Base */ = {isa = PBXFileReference; lastKnownFileType = file.storyboard; name = Base; path = Base.lproj/Main.storyboard; sourceTree = "<group>"; };
		C5B7CF941F70EDA900AC4907 /* Assets.xcassets */ = {isa = PBXFileReference; lastKnownFileType = folder.assetcatalog; path = Assets.xcassets; sourceTree = "<group>"; };
		C5B7CF971F70EDA900AC4907 /* Base */ = {isa = PBXFileReference; lastKnownFileType = file.storyboard; name = Base; path = Base.lproj/LaunchScreen.storyboard; sourceTree = "<group>"; };
		C5B7CF991F70EDA900AC4907 /* Info.plist */ = {isa = PBXFileReference; lastKnownFileType = text.plist.xml; path = Info.plist; sourceTree = "<group>"; };
		C5B7CF9F1F70EDE100AC4907 /* GCDQueue.swift */ = {isa = PBXFileReference; lastKnownFileType = sourcecode.swift; path = GCDQueue.swift; sourceTree = "<group>"; };
		C5D003641F71031B00561550 /* GCDGroup.swift */ = {isa = PBXFileReference; lastKnownFileType = sourcecode.swift; path = GCDGroup.swift; sourceTree = "<group>"; };
		C5D003661F710C0400561550 /* GCDSemaphore.swift */ = {isa = PBXFileReference; lastKnownFileType = sourcecode.swift; path = GCDSemaphore.swift; sourceTree = "<group>"; };
/* End PBXFileReference section */

/* Begin PBXFrameworksBuildPhase section */
		C5B7CF871F70EDA800AC4907 /* Frameworks */ = {
			isa = PBXFrameworksBuildPhase;
			buildActionMask = 2147483647;
			files = (
			);
			runOnlyForDeploymentPostprocessing = 0;
		};
/* End PBXFrameworksBuildPhase section */

/* Begin PBXGroup section */
		C5B7CF811F70EDA800AC4907 = {
			isa = PBXGroup;
			children = (
				C5B7CF8C1F70EDA800AC4907 /* Swift-GCD */,
				C5B7CF8B1F70EDA800AC4907 /* Products */,
			);
			sourceTree = "<group>";
		};
		C5B7CF8B1F70EDA800AC4907 /* Products */ = {
			isa = PBXGroup;
			children = (
				C5B7CF8A1F70EDA800AC4907 /* Swift-GCD.app */,
			);
			name = Products;
			sourceTree = "<group>";
		};
		C5B7CF8C1F70EDA800AC4907 /* Swift-GCD */ = {
			isa = PBXGroup;
			children = (
				C5B7CF8D1F70EDA800AC4907 /* AppDelegate.swift */,
				C5B7CF8F1F70EDA900AC4907 /* ViewController.swift */,
				C5D003681F7116DC00561550 /* GCD */,
				C5B7CF911F70EDA900AC4907 /* Main.storyboard */,
				C5B7CF941F70EDA900AC4907 /* Assets.xcassets */,
				C5B7CF961F70EDA900AC4907 /* LaunchScreen.storyboard */,
				C5B7CF991F70EDA900AC4907 /* Info.plist */,
			);
			path = "Swift-GCD";
			sourceTree = "<group>";
		};
		C5D003681F7116DC00561550 /* GCD */ = {
			isa = PBXGroup;
			children = (
				C5B7CF9F1F70EDE100AC4907 /* GCDQueue.swift */,
				C5D003641F71031B00561550 /* GCDGroup.swift */,
				C5D003661F710C0400561550 /* GCDSemaphore.swift */,
			);
			path = GCD;
			sourceTree = "<group>";
		};
/* End PBXGroup section */

/* Begin PBXNativeTarget section */
		C5B7CF891F70EDA800AC4907 /* Swift-GCD */ = {
			isa = PBXNativeTarget;
			buildConfigurationList = C5B7CF9C1F70EDA900AC4907 /* Build configuration list for PBXNativeTarget "Swift-GCD" */;
			buildPhases = (
				C5B7CF861F70EDA800AC4907 /* Sources */,
				C5B7CF871F70EDA800AC4907 /* Frameworks */,
				C5B7CF881F70EDA800AC4907 /* Resources */,
			);
			buildRules = (
			);
			dependencies = (
			);
			name = "Swift-GCD";
			productName = "Swift-GCD";
			productReference = C5B7CF8A1F70EDA800AC4907 /* Swift-GCD.app */;
			productType = "com.apple.product-type.application";
		};
/* End PBXNativeTarget section */

/* Begin PBXProject section */
		C5B7CF821F70EDA800AC4907 /* Project object */ = {
			isa = PBXProject;
			attributes = {
				LastSwiftUpdateCheck = 0900;
				LastUpgradeCheck = 0900;
				ORGANIZATIONNAME = TechCode;
				TargetAttributes = {
					C5B7CF891F70EDA800AC4907 = {
						CreatedOnToolsVersion = 9.0;
						ProvisioningStyle = Automatic;
					};
				};
			};
			buildConfigurationList = C5B7CF851F70EDA800AC4907 /* Build configuration list for PBXProject "Swift-GCD" */;
			compatibilityVersion = "Xcode 8.0";
			developmentRegion = en;
			hasScannedForEncodings = 0;
			knownRegions = (
				en,
				Base,
			);
			mainGroup = C5B7CF811F70EDA800AC4907;
			productRefGroup = C5B7CF8B1F70EDA800AC4907 /* Products */;
			projectDirPath = "";
			projectRoot = "";
			targets = (
				C5B7CF891F70EDA800AC4907 /* Swift-GCD */,
			);
		};
/* End PBXProject section */

/* Begin PBXResourcesBuildPhase section */
		C5B7CF881F70EDA800AC4907 /* Resources */ = {
			isa = PBXResourcesBuildPhase;
			buildActionMask = 2147483647;
			files = (
				C5B7CF981F70EDA900AC4907 /* LaunchScreen.storyboard in Resources */,
				C5B7CF951F70EDA900AC4907 /* Assets.xcassets in Resources */,
				C5B7CF931F70EDA900AC4907 /* Main.storyboard in Resources */,
			);
			runOnlyForDeploymentPostprocessing = 0;
		};
/* End PBXResourcesBuildPhase section */

/* Begin PBXSourcesBuildPhase section */
		C5B7CF861F70EDA800AC4907 /* Sources */ = {
			isa = PBXSourcesBuildPhase;
			buildActionMask = 2147483647;
			files = (
				C5D003651F71031B00561550 /* GCDGroup.swift in Sources */,
				C5B7CF901F70EDA900AC4907 /* ViewController.swift in Sources */,
				C5B7CFA01F70EDE100AC4907 /* GCDQueue.swift in Sources */,
				C5D003671F710C0400561550 /* GCDSemaphore.swift in Sources */,
				C5B7CF8E1F70EDA800AC4907 /* AppDelegate.swift in Sources */,
			);
			runOnlyForDeploymentPostprocessing = 0;
		};
/* End PBXSourcesBuildPhase section */

/* Begin PBXVariantGroup section */
		C5B7CF911F70EDA900AC4907 /* Main.storyboard */ = {
			isa = PBXVariantGroup;
			children = (
				C5B7CF921F70EDA900AC4907 /* Base */,
			);
			name = Main.storyboard;
			sourceTree = "<group>";
		};
		C5B7CF961F70EDA900AC4907 /* LaunchScreen.storyboard */ = {
			isa = PBXVariantGroup;
			children = (
				C5B7CF971F70EDA900AC4907 /* Base */,
			);
			name = LaunchScreen.storyboard;
			sourceTree = "<group>";
		};
/* End PBXVariantGroup section */

/* Begin XCBuildConfiguration section */
		C5B7CF9A1F70EDA900AC4907 /* Debug */ = {
			isa = XCBuildConfiguration;
			buildSettings = {
				ALWAYS_SEARCH_USER_PATHS = NO;
				CLANG_ANALYZER_NONNULL = YES;
				CLANG_ANALYZER_NUMBER_OBJECT_CONVERSION = YES_AGGRESSIVE;
				CLANG_CXX_LANGUAGE_STANDARD = "gnu++14";
				CLANG_CXX_LIBRARY = "libc++";
				CLANG_ENABLE_MODULES = YES;
				CLANG_ENABLE_OBJC_ARC = YES;
				CLANG_WARN_BLOCK_CAPTURE_AUTORELEASING = YES;
				CLANG_WARN_BOOL_CONVERSION = YES;
				CLANG_WARN_COMMA = YES;
				CLANG_WARN_CONSTANT_CONVERSION = YES;
				CLANG_WARN_DIRECT_OBJC_ISA_USAGE = YES_ERROR;
				CLANG_WARN_DOCUMENTATION_COMMENTS = YES;
				CLANG_WARN_EMPTY_BODY = YES;
				CLANG_WARN_ENUM_CONVERSION = YES;
				CLANG_WARN_INFINITE_RECURSION = YES;
				CLANG_WARN_INT_CONVERSION = YES;
				CLANG_WARN_NON_LITERAL_NULL_CONVERSION = YES;
				CLANG_WARN_OBJC_LITERAL_CONVERSION = YES;
				CLANG_WARN_OBJC_ROOT_CLASS = YES_ERROR;
				CLANG_WARN_RANGE_LOOP_ANALYSIS = YES;
				CLANG_WARN_STRICT_PROTOTYPES = YES;
				CLANG_WARN_SUSPICIOUS_MOVE = YES;
				CLANG_WARN_UNGUARDED_AVAILABILITY = YES_AGGRESSIVE;
				CLANG_WARN_UNREACHABLE_CODE = YES;
				CLANG_WARN__DUPLICATE_METHOD_MATCH = YES;
				CODE_SIGN_IDENTITY = "iPhone Developer";
				COPY_PHASE_STRIP = NO;
				DEBUG_INFORMATION_FORMAT = dwarf;
				ENABLE_STRICT_OBJC_MSGSEND = YES;
				ENABLE_TESTABILITY = YES;
				GCC_C_LANGUAGE_STANDARD = gnu11;
				GCC_DYNAMIC_NO_PIC = NO;
				GCC_NO_COMMON_BLOCKS = YES;
				GCC_OPTIMIZATION_LEVEL = 0;
				GCC_PREPROCESSOR_DEFINITIONS = (
					"DEBUG=1",
					"$(inherited)",
				);
				GCC_WARN_64_TO_32_BIT_CONVERSION = YES;
				GCC_WARN_ABOUT_RETURN_TYPE = YES_ERROR;
				GCC_WARN_UNDECLARED_SELECTOR = YES;
				GCC_WARN_UNINITIALIZED_AUTOS = YES_AGGRESSIVE;
				GCC_WARN_UNUSED_FUNCTION = YES;
				GCC_WARN_UNUSED_VARIABLE = YES;
				IPHONEOS_DEPLOYMENT_TARGET = 11.0;
				MTL_ENABLE_DEBUG_INFO = YES;
				ONLY_ACTIVE_ARCH = YES;
				SDKROOT = iphoneos;
				SWIFT_ACTIVE_COMPILATION_CONDITIONS = DEBUG;
				SWIFT_OPTIMIZATION_LEVEL = "-Onone";
			};
			name = Debug;
		};
		C5B7CF9B1F70EDA900AC4907 /* Release */ = {
			isa = XCBuildConfiguration;
			buildSettings = {
				ALWAYS_SEARCH_USER_PATHS = NO;
				CLANG_ANALYZER_NONNULL = YES;
				CLANG_ANALYZER_NUMBER_OBJECT_CONVERSION = YES_AGGRESSIVE;
				CLANG_CXX_LANGUAGE_STANDARD = "gnu++14";
				CLANG_CXX_LIBRARY = "libc++";
				CLANG_ENABLE_MODULES = YES;
				CLANG_ENABLE_OBJC_ARC = YES;
				CLANG_WARN_BLOCK_CAPTURE_AUTORELEASING = YES;
				CLANG_WARN_BOOL_CONVERSION = YES;
				CLANG_WARN_COMMA = YES;
				CLANG_WARN_CONSTANT_CONVERSION = YES;
				CLANG_WARN_DIRECT_OBJC_ISA_USAGE = YES_ERROR;
				CLANG_WARN_DOCUMENTATION_COMMENTS = YES;
				CLANG_WARN_EMPTY_BODY = YES;
				CLANG_WARN_ENUM_CONVERSION = YES;
				CLANG_WARN_INFINITE_RECURSION = YES;
				CLANG_WARN_INT_CONVERSION = YES;
				CLANG_WARN_NON_LITERAL_NULL_CONVERSION = YES;
				CLANG_WARN_OBJC_LITERAL_CONVERSION = YES;
				CLANG_WARN_OBJC_ROOT_CLASS = YES_ERROR;
				CLANG_WARN_RANGE_LOOP_ANALYSIS = YES;
				CLANG_WARN_STRICT_PROTOTYPES = YES;
				CLANG_WARN_SUSPICIOUS_MOVE = YES;
				CLANG_WARN_UNGUARDED_AVAILABILITY = YES_AGGRESSIVE;
				CLANG_WARN_UNREACHABLE_CODE = YES;
				CLANG_WARN__DUPLICATE_METHOD_MATCH = YES;
				CODE_SIGN_IDENTITY = "iPhone Developer";
				COPY_PHASE_STRIP = NO;
				DEBUG_INFORMATION_FORMAT = "dwarf-with-dsym";
				ENABLE_NS_ASSERTIONS = NO;
				ENABLE_STRICT_OBJC_MSGSEND = YES;
				GCC_C_LANGUAGE_STANDARD = gnu11;
				GCC_NO_COMMON_BLOCKS = YES;
				GCC_WARN_64_TO_32_BIT_CONVERSION = YES;
				GCC_WARN_ABOUT_RETURN_TYPE = YES_ERROR;
				GCC_WARN_UNDECLARED_SELECTOR = YES;
				GCC_WARN_UNINITIALIZED_AUTOS = YES_AGGRESSIVE;
				GCC_WARN_UNUSED_FUNCTION = YES;
				GCC_WARN_UNUSED_VARIABLE = YES;
				IPHONEOS_DEPLOYMENT_TARGET = 11.0;
				MTL_ENABLE_DEBUG_INFO = NO;
				SDKROOT = iphoneos;
				SWIFT_OPTIMIZATION_LEVEL = "-Owholemodule";
				VALIDATE_PRODUCT = YES;
			};
			name = Release;
		};
		C5B7CF9D1F70EDA900AC4907 /* Debug */ = {
			isa = XCBuildConfiguration;
			buildSettings = {
				ASSETCATALOG_COMPILER_APPICON_NAME = AppIcon;
				CODE_SIGN_STYLE = Automatic;
				DEVELOPMENT_TEAM = HT95VAK372;
				INFOPLIST_FILE = "Swift-GCD/Info.plist";
				LD_RUNPATH_SEARCH_PATHS = "$(inherited) @executable_path/Frameworks";
				PRODUCT_BUNDLE_IDENTIFIER = "com.techCode.Swift-GCD";
				PRODUCT_NAME = "$(TARGET_NAME)";
				SWIFT_VERSION = 4.0;
				TARGETED_DEVICE_FAMILY = "1,2";
			};
			name = Debug;
		};
		C5B7CF9E1F70EDA900AC4907 /* Release */ = {
			isa = XCBuildConfiguration;
			buildSettings = {
				ASSETCATALOG_COMPILER_APPICON_NAME = AppIcon;
				CODE_SIGN_STYLE = Automatic;
				DEVELOPMENT_TEAM = HT95VAK372;
				INFOPLIST_FILE = "Swift-GCD/Info.plist";
				LD_RUNPATH_SEARCH_PATHS = "$(inherited) @executable_path/Frameworks";
				PRODUCT_BUNDLE_IDENTIFIER = "com.techCode.Swift-GCD";
				PRODUCT_NAME = "$(TARGET_NAME)";
				SWIFT_VERSION = 4.0;
				TARGETED_DEVICE_FAMILY = "1,2";
			};
			name = Release;
		};
/* End XCBuildConfiguration section */

/* Begin XCConfigurationList section */
		C5B7CF851F70EDA800AC4907 /* Build configuration list for PBXProject "Swift-GCD" */ = {
			isa = XCConfigurationList;
			buildConfigurations = (
				C5B7CF9A1F70EDA900AC4907 /* Debug */,
				C5B7CF9B1F70EDA900AC4907 /* Release */,
			);
			defaultConfigurationIsVisible = 0;
			defaultConfigurationName = Release;
		};
		C5B7CF9C1F70EDA900AC4907 /* Build configuration list for PBXNativeTarget "Swift-GCD" */ = {
			isa = XCConfigurationList;
			buildConfigurations = (
				C5B7CF9D1F70EDA900AC4907 /* Debug */,
				C5B7CF9E1F70EDA900AC4907 /* Release */,
			);
			defaultConfigurationIsVisible = 0;
			defaultConfigurationName = Release;
		};
/* End XCConfigurationList section */
	};
	rootObject = C5B7CF821F70EDA800AC4907 /* Project object */;
}
